// !$*UTF8*$!
{
	archiveVersion = 1;
	classes = {
	};
	objectVersion = 77;
	objects = {

/* Begin PBXBuildFile section */
		501F02462E058BAF009EBB59 /* UniformTypeIdentifiers.framework in Frameworks */ = {isa = PBXBuildFile; fileRef = 501F02452E058BAF009EBB59 /* UniformTypeIdentifiers.framework */; };
		501F02522E058BAF009EBB59 /* DiskJockeyFileProvider.appex in Embed Foundation Extensions */ = {isa = PBXBuildFile; fileRef = 501F02432E058BAF009EBB59 /* DiskJockeyFileProvider.appex */; settings = {ATTRIBUTES = (RemoveHeadersOnCopy, ); }; };
		501F02682E058C51009EBB59 /* DiskJockeyLibrary.framework in Frameworks */ = {isa = PBXBuildFile; fileRef = 501F025D2E058C51009EBB59 /* DiskJockeyLibrary.framework */; };
		501F02722E058C51009EBB59 /* DiskJockeyLibrary.framework in Frameworks */ = {isa = PBXBuildFile; fileRef = 501F025D2E058C51009EBB59 /* DiskJockeyLibrary.framework */; };
		501F02732E058C51009EBB59 /* DiskJockeyLibrary.framework in Embed Frameworks */ = {isa = PBXBuildFile; fileRef = 501F025D2E058C51009EBB59 /* DiskJockeyLibrary.framework */; settings = {ATTRIBUTES = (CodeSignOnCopy, RemoveHeadersOnCopy, ); }; };
		501F02A92E058EED009EBB59 /* SwiftProtobuf in Frameworks */ = {isa = PBXBuildFile; productRef = 501F02A82E058EED009EBB59 /* SwiftProtobuf */; };
		501F02AA2E059230009EBB59 /* DiskJockeyLibrary.framework in Frameworks */ = {isa = PBXBuildFile; fileRef = 501F025D2E058C51009EBB59 /* DiskJockeyLibrary.framework */; };
		501F02AB2E059230009EBB59 /* DiskJockeyLibrary.framework in Embed Frameworks */ = {isa = PBXBuildFile; fileRef = 501F025D2E058C51009EBB59 /* DiskJockeyLibrary.framework */; settings = {ATTRIBUTES = (CodeSignOnCopy, RemoveHeadersOnCopy, ); }; };
		501F02B02E059B20009EBB59 /* diskjockey-backend in Resources */ = {isa = PBXBuildFile; fileRef = 501F02AF2E059B20009EBB59 /* diskjockey-backend */; };
/* End PBXBuildFile section */

/* Begin PBXContainerItemProxy section */
		501F02502E058BAF009EBB59 /* PBXContainerItemProxy */ = {
			isa = PBXContainerItemProxy;
			containerPortal = 50A51F8A2E05892200AC6D10 /* Project object */;
			proxyType = 1;
			remoteGlobalIDString = 501F02422E058BAF009EBB59;
			remoteInfo = DiskJockeyFileProvider;
		};
		501F02692E058C51009EBB59 /* PBXContainerItemProxy */ = {
			isa = PBXContainerItemProxy;
			containerPortal = 50A51F8A2E05892200AC6D10 /* Project object */;
			proxyType = 1;
			remoteGlobalIDString = 501F025C2E058C51009EBB59;
			remoteInfo = DiskJockeyLibrary;
		};
		501F026B2E058C51009EBB59 /* PBXContainerItemProxy */ = {
			isa = PBXContainerItemProxy;
			containerPortal = 50A51F8A2E05892200AC6D10 /* Project object */;
			proxyType = 1;
			remoteGlobalIDString = 50A51F912E05892200AC6D10;
			remoteInfo = DiskJockeyApplication;
		};
		501F02702E058C51009EBB59 /* PBXContainerItemProxy */ = {
			isa = PBXContainerItemProxy;
			containerPortal = 50A51F8A2E05892200AC6D10 /* Project object */;
			proxyType = 1;
			remoteGlobalIDString = 501F025C2E058C51009EBB59;
			remoteInfo = DiskJockeyLibrary;
		};
		501F02AC2E059230009EBB59 /* PBXContainerItemProxy */ = {
			isa = PBXContainerItemProxy;
			containerPortal = 50A51F8A2E05892200AC6D10 /* Project object */;
			proxyType = 1;
			remoteGlobalIDString = 501F025C2E058C51009EBB59;
			remoteInfo = DiskJockeyLibrary;
		};
		50A51FA12E05892400AC6D10 /* PBXContainerItemProxy */ = {
			isa = PBXContainerItemProxy;
			containerPortal = 50A51F8A2E05892200AC6D10 /* Project object */;
			proxyType = 1;
			remoteGlobalIDString = 50A51F912E05892200AC6D10;
			remoteInfo = DiskJockeyApplication;
		};
		50A51FAB2E05892400AC6D10 /* PBXContainerItemProxy */ = {
			isa = PBXContainerItemProxy;
			containerPortal = 50A51F8A2E05892200AC6D10 /* Project object */;
			proxyType = 1;
			remoteGlobalIDString = 50A51F912E05892200AC6D10;
			remoteInfo = DiskJockeyApplication;
		};
/* End PBXContainerItemProxy section */

/* Begin PBXCopyFilesBuildPhase section */
		501F02572E058BAF009EBB59 /* Embed Foundation Extensions */ = {
			isa = PBXCopyFilesBuildPhase;
			buildActionMask = 2147483647;
			dstPath = "";
			dstSubfolderSpec = 13;
			files = (
				501F02522E058BAF009EBB59 /* DiskJockeyFileProvider.appex in Embed Foundation Extensions */,
			);
			name = "Embed Foundation Extensions";
			runOnlyForDeploymentPostprocessing = 0;
		};
		501F02772E058C51009EBB59 /* Embed Frameworks */ = {
			isa = PBXCopyFilesBuildPhase;
			buildActionMask = 2147483647;
			dstPath = "";
			dstSubfolderSpec = 10;
			files = (
				501F02732E058C51009EBB59 /* DiskJockeyLibrary.framework in Embed Frameworks */,
			);
			name = "Embed Frameworks";
			runOnlyForDeploymentPostprocessing = 0;
		};
		501F02AE2E059230009EBB59 /* Embed Frameworks */ = {
			isa = PBXCopyFilesBuildPhase;
			buildActionMask = 2147483647;
			dstPath = "";
			dstSubfolderSpec = 10;
			files = (
				501F02AB2E059230009EBB59 /* DiskJockeyLibrary.framework in Embed Frameworks */,
			);
			name = "Embed Frameworks";
			runOnlyForDeploymentPostprocessing = 0;
		};
/* End PBXCopyFilesBuildPhase section */

/* Begin PBXFileReference section */
		501F02432E058BAF009EBB59 /* DiskJockeyFileProvider.appex */ = {isa = PBXFileReference; explicitFileType = "wrapper.app-extension"; includeInIndex = 0; path = DiskJockeyFileProvider.appex; sourceTree = BUILT_PRODUCTS_DIR; };
		501F02452E058BAF009EBB59 /* UniformTypeIdentifiers.framework */ = {isa = PBXFileReference; lastKnownFileType = wrapper.framework; name = UniformTypeIdentifiers.framework; path = System/Library/Frameworks/UniformTypeIdentifiers.framework; sourceTree = SDKROOT; };
		501F025D2E058C51009EBB59 /* DiskJockeyLibrary.framework */ = {isa = PBXFileReference; explicitFileType = wrapper.framework; includeInIndex = 0; path = DiskJockeyLibrary.framework; sourceTree = BUILT_PRODUCTS_DIR; };
		501F02672E058C51009EBB59 /* DiskJockeyLibraryTests.xctest */ = {isa = PBXFileReference; explicitFileType = wrapper.cfbundle; includeInIndex = 0; path = DiskJockeyLibraryTests.xctest; sourceTree = BUILT_PRODUCTS_DIR; };
		501F02AF2E059B20009EBB59 /* diskjockey-backend */ = {isa = PBXFileReference; lastKnownFileType = "compiled.mach-o.executable"; name = "diskjockey-backend"; path = "diskjockey-backend/diskjockey-backend"; sourceTree = "<group>"; };
		50A51F922E05892200AC6D10 /* DiskJockey.app */ = {isa = PBXFileReference; explicitFileType = wrapper.application; includeInIndex = 0; path = DiskJockey.app; sourceTree = BUILT_PRODUCTS_DIR; };
		50A51FA02E05892400AC6D10 /* DiskJockeyTests.xctest */ = {isa = PBXFileReference; explicitFileType = wrapper.cfbundle; includeInIndex = 0; path = DiskJockeyTests.xctest; sourceTree = BUILT_PRODUCTS_DIR; };
		50A51FAA2E05892400AC6D10 /* DiskJockeyUITests.xctest */ = {isa = PBXFileReference; explicitFileType = wrapper.cfbundle; includeInIndex = 0; path = DiskJockeyUITests.xctest; sourceTree = BUILT_PRODUCTS_DIR; };
/* End PBXFileReference section */

/* Begin PBXFileSystemSynchronizedBuildFileExceptionSet section */
		501F02532E058BAF009EBB59 /* Exceptions for "DiskJockeyFileProvider" folder in "DiskJockeyFileProvider" target */ = {
			isa = PBXFileSystemSynchronizedBuildFileExceptionSet;
			membershipExceptions = (
				Info.plist,
			);
			target = 501F02422E058BAF009EBB59 /* DiskJockeyFileProvider */;
		};
/* End PBXFileSystemSynchronizedBuildFileExceptionSet section */

/* Begin PBXFileSystemSynchronizedRootGroup section */
		501F02472E058BAF009EBB59 /* DiskJockeyFileProvider */ = {
			isa = PBXFileSystemSynchronizedRootGroup;
			exceptions = (
				501F02532E058BAF009EBB59 /* Exceptions for "DiskJockeyFileProvider" folder in "DiskJockeyFileProvider" target */,
			);
			path = DiskJockeyFileProvider;
			sourceTree = "<group>";
		};
		501F025E2E058C51009EBB59 /* DiskJockeyLibrary */ = {
			isa = PBXFileSystemSynchronizedRootGroup;
			path = DiskJockeyLibrary;
			sourceTree = "<group>";
		};
		501F026D2E058C51009EBB59 /* DiskJockeyLibraryTests */ = {
			isa = PBXFileSystemSynchronizedRootGroup;
			path = DiskJockeyLibraryTests;
			sourceTree = "<group>";
		};
		50A51F942E05892200AC6D10 /* DiskJockeyApplication */ = {
			isa = PBXFileSystemSynchronizedRootGroup;
			path = DiskJockeyApplication;
			sourceTree = "<group>";
		};
		50A51FA32E05892400AC6D10 /* DiskJockeyTests */ = {
			isa = PBXFileSystemSynchronizedRootGroup;
			path = DiskJockeyTests;
			sourceTree = "<group>";
		};
		50A51FAD2E05892400AC6D10 /* DiskJockeyUITests */ = {
			isa = PBXFileSystemSynchronizedRootGroup;
			path = DiskJockeyUITests;
			sourceTree = "<group>";
		};
/* End PBXFileSystemSynchronizedRootGroup section */

/* Begin PBXFrameworksBuildPhase section */
		501F02402E058BAF009EBB59 /* Frameworks */ = {
			isa = PBXFrameworksBuildPhase;
			buildActionMask = 2147483647;
			files = (
				501F02AA2E059230009EBB59 /* DiskJockeyLibrary.framework in Frameworks */,
				501F02462E058BAF009EBB59 /* UniformTypeIdentifiers.framework in Frameworks */,
			);
			runOnlyForDeploymentPostprocessing = 0;
		};
		501F025A2E058C51009EBB59 /* Frameworks */ = {
			isa = PBXFrameworksBuildPhase;
			buildActionMask = 2147483647;
			files = (
				501F02A92E058EED009EBB59 /* SwiftProtobuf in Frameworks */,
			);
			runOnlyForDeploymentPostprocessing = 0;
		};
		501F02642E058C51009EBB59 /* Frameworks */ = {
			isa = PBXFrameworksBuildPhase;
			buildActionMask = 2147483647;
			files = (
				501F02682E058C51009EBB59 /* DiskJockeyLibrary.framework in Frameworks */,
			);
			runOnlyForDeploymentPostprocessing = 0;
		};
		50A51F8F2E05892200AC6D10 /* Frameworks */ = {
			isa = PBXFrameworksBuildPhase;
			buildActionMask = 2147483647;
			files = (
				501F02722E058C51009EBB59 /* DiskJockeyLibrary.framework in Frameworks */,
			);
			runOnlyForDeploymentPostprocessing = 0;
		};
		50A51F9D2E05892400AC6D10 /* Frameworks */ = {
			isa = PBXFrameworksBuildPhase;
			buildActionMask = 2147483647;
			files = (
			);
			runOnlyForDeploymentPostprocessing = 0;
		};
		50A51FA72E05892400AC6D10 /* Frameworks */ = {
			isa = PBXFrameworksBuildPhase;
			buildActionMask = 2147483647;
			files = (
			);
			runOnlyForDeploymentPostprocessing = 0;
		};
/* End PBXFrameworksBuildPhase section */

/* Begin PBXGroup section */
		501F02442E058BAF009EBB59 /* Frameworks */ = {
			isa = PBXGroup;
			children = (
				501F02452E058BAF009EBB59 /* UniformTypeIdentifiers.framework */,
			);
			name = Frameworks;
			sourceTree = "<group>";
		};
		50A51F892E05892200AC6D10 = {
			isa = PBXGroup;
			children = (
				501F02AF2E059B20009EBB59 /* diskjockey-backend */,
				50A51F942E05892200AC6D10 /* DiskJockeyApplication */,
				50A51FA32E05892400AC6D10 /* DiskJockeyTests */,
				50A51FAD2E05892400AC6D10 /* DiskJockeyUITests */,
				501F02472E058BAF009EBB59 /* DiskJockeyFileProvider */,
				501F025E2E058C51009EBB59 /* DiskJockeyLibrary */,
				501F026D2E058C51009EBB59 /* DiskJockeyLibraryTests */,
				501F02442E058BAF009EBB59 /* Frameworks */,
				50A51F932E05892200AC6D10 /* Products */,
			);
			sourceTree = "<group>";
		};
		50A51F932E05892200AC6D10 /* Products */ = {
			isa = PBXGroup;
			children = (
				50A51F922E05892200AC6D10 /* DiskJockey.app */,
				50A51FA02E05892400AC6D10 /* DiskJockeyTests.xctest */,
				50A51FAA2E05892400AC6D10 /* DiskJockeyUITests.xctest */,
				501F02432E058BAF009EBB59 /* DiskJockeyFileProvider.appex */,
				501F025D2E058C51009EBB59 /* DiskJockeyLibrary.framework */,
				501F02672E058C51009EBB59 /* DiskJockeyLibraryTests.xctest */,
			);
			name = Products;
			sourceTree = "<group>";
		};
/* End PBXGroup section */

/* Begin PBXHeadersBuildPhase section */
		501F02582E058C51009EBB59 /* Headers */ = {
			isa = PBXHeadersBuildPhase;
			buildActionMask = 2147483647;
			files = (
			);
			runOnlyForDeploymentPostprocessing = 0;
		};
/* End PBXHeadersBuildPhase section */

/* Begin PBXNativeTarget section */
		501F02422E058BAF009EBB59 /* DiskJockeyFileProvider */ = {
			isa = PBXNativeTarget;
			buildConfigurationList = 501F02542E058BAF009EBB59 /* Build configuration list for PBXNativeTarget "DiskJockeyFileProvider" */;
			buildPhases = (
				501F023F2E058BAF009EBB59 /* Sources */,
				501F02402E058BAF009EBB59 /* Frameworks */,
				501F02412E058BAF009EBB59 /* Resources */,
				501F02AE2E059230009EBB59 /* Embed Frameworks */,
			);
			buildRules = (
			);
			dependencies = (
				501F02AD2E059230009EBB59 /* PBXTargetDependency */,
			);
			fileSystemSynchronizedGroups = (
				501F02472E058BAF009EBB59 /* DiskJockeyFileProvider */,
			);
			name = DiskJockeyFileProvider;
			packageProductDependencies = (
			);
			productName = DiskJockeyFileProvider;
			productReference = 501F02432E058BAF009EBB59 /* DiskJockeyFileProvider.appex */;
			productType = "com.apple.product-type.app-extension";
		};
		501F025C2E058C51009EBB59 /* DiskJockeyLibrary */ = {
			isa = PBXNativeTarget;
			buildConfigurationList = 501F02742E058C51009EBB59 /* Build configuration list for PBXNativeTarget "DiskJockeyLibrary" */;
			buildPhases = (
				501F02582E058C51009EBB59 /* Headers */,
				501F02592E058C51009EBB59 /* Sources */,
				501F025A2E058C51009EBB59 /* Frameworks */,
				501F025B2E058C51009EBB59 /* Resources */,
			);
			buildRules = (
			);
			dependencies = (
			);
			fileSystemSynchronizedGroups = (
				501F025E2E058C51009EBB59 /* DiskJockeyLibrary */,
			);
			name = DiskJockeyLibrary;
			packageProductDependencies = (
				501F02A82E058EED009EBB59 /* SwiftProtobuf */,
			);
			productName = DiskJockeyLibrary;
			productReference = 501F025D2E058C51009EBB59 /* DiskJockeyLibrary.framework */;
			productType = "com.apple.product-type.framework";
		};
		501F02662E058C51009EBB59 /* DiskJockeyLibraryTests */ = {
			isa = PBXNativeTarget;
			buildConfigurationList = 501F02782E058C51009EBB59 /* Build configuration list for PBXNativeTarget "DiskJockeyLibraryTests" */;
			buildPhases = (
				501F02632E058C51009EBB59 /* Sources */,
				501F02642E058C51009EBB59 /* Frameworks */,
				501F02652E058C51009EBB59 /* Resources */,
			);
			buildRules = (
			);
			dependencies = (
				501F026A2E058C51009EBB59 /* PBXTargetDependency */,
				501F026C2E058C51009EBB59 /* PBXTargetDependency */,
			);
			fileSystemSynchronizedGroups = (
				501F026D2E058C51009EBB59 /* DiskJockeyLibraryTests */,
			);
			name = DiskJockeyLibraryTests;
			packageProductDependencies = (
			);
			productName = DiskJockeyLibraryTests;
			productReference = 501F02672E058C51009EBB59 /* DiskJockeyLibraryTests.xctest */;
			productType = "com.apple.product-type.bundle.unit-test";
		};
		50A51F912E05892200AC6D10 /* DiskJockey */ = {
			isa = PBXNativeTarget;
			buildConfigurationList = 50A51FB42E05892400AC6D10 /* Build configuration list for PBXNativeTarget "DiskJockey" */;
			buildPhases = (
				50A51F8E2E05892200AC6D10 /* Sources */,
				50A51F8F2E05892200AC6D10 /* Frameworks */,
				50A51F902E05892200AC6D10 /* Resources */,
				501F02572E058BAF009EBB59 /* Embed Foundation Extensions */,
				501F02772E058C51009EBB59 /* Embed Frameworks */,
			);
			buildRules = (
			);
			dependencies = (
				501F02512E058BAF009EBB59 /* PBXTargetDependency */,
				501F02712E058C51009EBB59 /* PBXTargetDependency */,
			);
			fileSystemSynchronizedGroups = (
				50A51F942E05892200AC6D10 /* DiskJockeyApplication */,
			);
			name = DiskJockey;
			packageProductDependencies = (
			);
			productName = DiskJockey;
			productReference = 50A51F922E05892200AC6D10 /* DiskJockey.app */;
			productType = "com.apple.product-type.application";
		};
		50A51F9F2E05892400AC6D10 /* DiskJockeyTests */ = {
			isa = PBXNativeTarget;
			buildConfigurationList = 50A51FB72E05892400AC6D10 /* Build configuration list for PBXNativeTarget "DiskJockeyTests" */;
			buildPhases = (
				50A51F9C2E05892400AC6D10 /* Sources */,
				50A51F9D2E05892400AC6D10 /* Frameworks */,
				50A51F9E2E05892400AC6D10 /* Resources */,
			);
			buildRules = (
			);
			dependencies = (
				50A51FA22E05892400AC6D10 /* PBXTargetDependency */,
			);
			fileSystemSynchronizedGroups = (
				50A51FA32E05892400AC6D10 /* DiskJockeyTests */,
			);
			name = DiskJockeyTests;
			packageProductDependencies = (
			);
			productName = DiskJockeyTests;
			productReference = 50A51FA02E05892400AC6D10 /* DiskJockeyTests.xctest */;
			productType = "com.apple.product-type.bundle.unit-test";
		};
		50A51FA92E05892400AC6D10 /* DiskJockeyUITests */ = {
			isa = PBXNativeTarget;
			buildConfigurationList = 50A51FBA2E05892400AC6D10 /* Build configuration list for PBXNativeTarget "DiskJockeyUITests" */;
			buildPhases = (
				50A51FA62E05892400AC6D10 /* Sources */,
				50A51FA72E05892400AC6D10 /* Frameworks */,
				50A51FA82E05892400AC6D10 /* Resources */,
			);
			buildRules = (
			);
			dependencies = (
				50A51FAC2E05892400AC6D10 /* PBXTargetDependency */,
			);
			fileSystemSynchronizedGroups = (
				50A51FAD2E05892400AC6D10 /* DiskJockeyUITests */,
			);
			name = DiskJockeyUITests;
			packageProductDependencies = (
			);
			productName = DiskJockeyUITests;
			productReference = 50A51FAA2E05892400AC6D10 /* DiskJockeyUITests.xctest */;
			productType = "com.apple.product-type.bundle.ui-testing";
		};
/* End PBXNativeTarget section */

/* Begin PBXProject section */
		50A51F8A2E05892200AC6D10 /* Project object */ = {
			isa = PBXProject;
			attributes = {
				BuildIndependentTargetsInParallel = 1;
				LastSwiftUpdateCheck = 1640;
				LastUpgradeCheck = 1640;
				TargetAttributes = {
					501F02422E058BAF009EBB59 = {
						CreatedOnToolsVersion = 16.4;
					};
					501F025C2E058C51009EBB59 = {
						CreatedOnToolsVersion = 16.4;
					};
					501F02662E058C51009EBB59 = {
						CreatedOnToolsVersion = 16.4;
						TestTargetID = 50A51F912E05892200AC6D10;
					};
					50A51F912E05892200AC6D10 = {
						CreatedOnToolsVersion = 16.4;
					};
					50A51F9F2E05892400AC6D10 = {
						CreatedOnToolsVersion = 16.4;
						TestTargetID = 50A51F912E05892200AC6D10;
					};
					50A51FA92E05892400AC6D10 = {
						CreatedOnToolsVersion = 16.4;
						TestTargetID = 50A51F912E05892200AC6D10;
					};
				};
			};
			buildConfigurationList = 50A51F8D2E05892200AC6D10 /* Build configuration list for PBXProject "DiskJockey" */;
			developmentRegion = en;
			hasScannedForEncodings = 0;
			knownRegions = (
				en,
				Base,
			);
			mainGroup = 50A51F892E05892200AC6D10;
			minimizedProjectReferenceProxies = 1;
			packageReferences = (
				501F02A72E058EED009EBB59 /* XCRemoteSwiftPackageReference "swift-protobuf" */,
			);
			preferredProjectObjectVersion = 77;
			productRefGroup = 50A51F932E05892200AC6D10 /* Products */;
			projectDirPath = "";
			projectRoot = "";
			targets = (
				50A51F912E05892200AC6D10 /* DiskJockey */,
				50A51F9F2E05892400AC6D10 /* DiskJockeyTests */,
				50A51FA92E05892400AC6D10 /* DiskJockeyUITests */,
				501F02422E058BAF009EBB59 /* DiskJockeyFileProvider */,
				501F025C2E058C51009EBB59 /* DiskJockeyLibrary */,
				501F02662E058C51009EBB59 /* DiskJockeyLibraryTests */,
			);
		};
/* End PBXProject section */

/* Begin PBXResourcesBuildPhase section */
		501F02412E058BAF009EBB59 /* Resources */ = {
			isa = PBXResourcesBuildPhase;
			buildActionMask = 2147483647;
			files = (
			);
			runOnlyForDeploymentPostprocessing = 0;
		};
		501F025B2E058C51009EBB59 /* Resources */ = {
			isa = PBXResourcesBuildPhase;
			buildActionMask = 2147483647;
			files = (
			);
			runOnlyForDeploymentPostprocessing = 0;
		};
		501F02652E058C51009EBB59 /* Resources */ = {
			isa = PBXResourcesBuildPhase;
			buildActionMask = 2147483647;
			files = (
			);
			runOnlyForDeploymentPostprocessing = 0;
		};
		50A51F902E05892200AC6D10 /* Resources */ = {
			isa = PBXResourcesBuildPhase;
			buildActionMask = 2147483647;
			files = (
				501F02B02E059B20009EBB59 /* diskjockey-backend in Resources */,
			);
			runOnlyForDeploymentPostprocessing = 0;
		};
		50A51F9E2E05892400AC6D10 /* Resources */ = {
			isa = PBXResourcesBuildPhase;
			buildActionMask = 2147483647;
			files = (
			);
			runOnlyForDeploymentPostprocessing = 0;
		};
		50A51FA82E05892400AC6D10 /* Resources */ = {
			isa = PBXResourcesBuildPhase;
			buildActionMask = 2147483647;
			files = (
			);
			runOnlyForDeploymentPostprocessing = 0;
		};
/* End PBXResourcesBuildPhase section */

/* Begin PBXSourcesBuildPhase section */
		501F023F2E058BAF009EBB59 /* Sources */ = {
			isa = PBXSourcesBuildPhase;
			buildActionMask = 2147483647;
			files = (
			);
			runOnlyForDeploymentPostprocessing = 0;
		};
		501F02592E058C51009EBB59 /* Sources */ = {
			isa = PBXSourcesBuildPhase;
			buildActionMask = 2147483647;
			files = (
			);
			runOnlyForDeploymentPostprocessing = 0;
		};
		501F02632E058C51009EBB59 /* Sources */ = {
			isa = PBXSourcesBuildPhase;
			buildActionMask = 2147483647;
			files = (
			);
			runOnlyForDeploymentPostprocessing = 0;
		};
		50A51F8E2E05892200AC6D10 /* Sources */ = {
			isa = PBXSourcesBuildPhase;
			buildActionMask = 2147483647;
			files = (
			);
			runOnlyForDeploymentPostprocessing = 0;
		};
		50A51F9C2E05892400AC6D10 /* Sources */ = {
			isa = PBXSourcesBuildPhase;
			buildActionMask = 2147483647;
			files = (
			);
			runOnlyForDeploymentPostprocessing = 0;
		};
		50A51FA62E05892400AC6D10 /* Sources */ = {
			isa = PBXSourcesBuildPhase;
			buildActionMask = 2147483647;
			files = (
			);
			runOnlyForDeploymentPostprocessing = 0;
		};
/* End PBXSourcesBuildPhase section */

/* Begin PBXTargetDependency section */
		501F02512E058BAF009EBB59 /* PBXTargetDependency */ = {
			isa = PBXTargetDependency;
			target = 501F02422E058BAF009EBB59 /* DiskJockeyFileProvider */;
			targetProxy = 501F02502E058BAF009EBB59 /* PBXContainerItemProxy */;
		};
		501F026A2E058C51009EBB59 /* PBXTargetDependency */ = {
			isa = PBXTargetDependency;
			target = 501F025C2E058C51009EBB59 /* DiskJockeyLibrary */;
			targetProxy = 501F02692E058C51009EBB59 /* PBXContainerItemProxy */;
		};
		501F026C2E058C51009EBB59 /* PBXTargetDependency */ = {
			isa = PBXTargetDependency;
			target = 50A51F912E05892200AC6D10 /* DiskJockey */;
			targetProxy = 501F026B2E058C51009EBB59 /* PBXContainerItemProxy */;
		};
		501F02712E058C51009EBB59 /* PBXTargetDependency */ = {
			isa = PBXTargetDependency;
			target = 501F025C2E058C51009EBB59 /* DiskJockeyLibrary */;
			targetProxy = 501F02702E058C51009EBB59 /* PBXContainerItemProxy */;
		};
		501F02AD2E059230009EBB59 /* PBXTargetDependency */ = {
			isa = PBXTargetDependency;
			target = 501F025C2E058C51009EBB59 /* DiskJockeyLibrary */;
			targetProxy = 501F02AC2E059230009EBB59 /* PBXContainerItemProxy */;
		};
		50A51FA22E05892400AC6D10 /* PBXTargetDependency */ = {
			isa = PBXTargetDependency;
			target = 50A51F912E05892200AC6D10 /* DiskJockey */;
			targetProxy = 50A51FA12E05892400AC6D10 /* PBXContainerItemProxy */;
		};
		50A51FAC2E05892400AC6D10 /* PBXTargetDependency */ = {
			isa = PBXTargetDependency;
			target = 50A51F912E05892200AC6D10 /* DiskJockey */;
			targetProxy = 50A51FAB2E05892400AC6D10 /* PBXContainerItemProxy */;
		};
/* End PBXTargetDependency section */

/* Begin XCBuildConfiguration section */
		501F02552E058BAF009EBB59 /* Debug */ = {
			isa = XCBuildConfiguration;
			buildSettings = {
				CODE_SIGN_ENTITLEMENTS = DiskJockeyFileProvider/DiskJockeyFileProvider.entitlements;
				CODE_SIGN_STYLE = Automatic;
				CURRENT_PROJECT_VERSION = 1;
				DEVELOPMENT_TEAM = 43UMKXZ8P4;
				ENABLE_HARDENED_RUNTIME = YES;
				GENERATE_INFOPLIST_FILE = YES;
				INFOPLIST_FILE = DiskJockeyFileProvider/Info.plist;
				INFOPLIST_KEY_CFBundleDisplayName = DiskJockeyFileProvider;
				INFOPLIST_KEY_NSHumanReadableCopyright = "";
				LD_RUNPATH_SEARCH_PATHS = (
					"$(inherited)",
					"@executable_path/../Frameworks",
					"@executable_path/../../../../Frameworks",
				);
				MARKETING_VERSION = 1.0;
				PRODUCT_BUNDLE_IDENTIFIER = com.antimatterstudios.diskjockey.fileprovider;
				PRODUCT_NAME = "$(TARGET_NAME)";
				SKIP_INSTALL = YES;
				SWIFT_EMIT_LOC_STRINGS = YES;
				SWIFT_VERSION = 5.0;
			};
			name = Debug;
		};
		501F02562E058BAF009EBB59 /* Release */ = {
			isa = XCBuildConfiguration;
			buildSettings = {
				CODE_SIGN_ENTITLEMENTS = DiskJockeyFileProvider/DiskJockeyFileProvider.entitlements;
				CODE_SIGN_STYLE = Automatic;
				CURRENT_PROJECT_VERSION = 1;
				DEVELOPMENT_TEAM = 43UMKXZ8P4;
				ENABLE_HARDENED_RUNTIME = YES;
				GENERATE_INFOPLIST_FILE = YES;
				INFOPLIST_FILE = DiskJockeyFileProvider/Info.plist;
				INFOPLIST_KEY_CFBundleDisplayName = DiskJockeyFileProvider;
				INFOPLIST_KEY_NSHumanReadableCopyright = "";
				LD_RUNPATH_SEARCH_PATHS = (
					"$(inherited)",
					"@executable_path/../Frameworks",
					"@executable_path/../../../../Frameworks",
				);
				MARKETING_VERSION = 1.0;
				PRODUCT_BUNDLE_IDENTIFIER = com.antimatterstudios.diskjockey.fileprovider;
				PRODUCT_NAME = "$(TARGET_NAME)";
				SKIP_INSTALL = YES;
				SWIFT_EMIT_LOC_STRINGS = YES;
				SWIFT_VERSION = 5.0;
			};
			name = Release;
		};
		501F02752E058C51009EBB59 /* Debug */ = {
			isa = XCBuildConfiguration;
			buildSettings = {
				BUILD_LIBRARY_FOR_DISTRIBUTION = YES;
				CODE_SIGN_STYLE = Automatic;
				COMBINE_HIDPI_IMAGES = YES;
				CURRENT_PROJECT_VERSION = 1;
				DEVELOPMENT_TEAM = 43UMKXZ8P4;
				DYLIB_COMPATIBILITY_VERSION = 1;
				DYLIB_CURRENT_VERSION = 1;
				DYLIB_INSTALL_NAME_BASE = "@rpath";
				ENABLE_MODULE_VERIFIER = YES;
				GENERATE_INFOPLIST_FILE = YES;
				INFOPLIST_KEY_NSHumanReadableCopyright = "";
				INSTALL_PATH = "$(LOCAL_LIBRARY_DIR)/Frameworks";
				LD_RUNPATH_SEARCH_PATHS = (
					"$(inherited)",
					"@executable_path/../Frameworks",
					"@loader_path/Frameworks",
				);
				MARKETING_VERSION = 1.0;
				MODULE_VERIFIER_SUPPORTED_LANGUAGES = "objective-c objective-c++";
				MODULE_VERIFIER_SUPPORTED_LANGUAGE_STANDARDS = "gnu17 gnu++20";
				PRODUCT_BUNDLE_IDENTIFIER = com.antimatterstudios.DiskJockey.DiskJockeyLibrary;
				PRODUCT_NAME = "$(TARGET_NAME:c99extidentifier)";
				SKIP_INSTALL = YES;
				SWIFT_EMIT_LOC_STRINGS = YES;
				SWIFT_INSTALL_MODULE = YES;
				SWIFT_INSTALL_OBJC_HEADER = NO;
				SWIFT_VERSION = 5.0;
				VERSIONING_SYSTEM = "apple-generic";
				VERSION_INFO_PREFIX = "";
			};
			name = Debug;
		};
		501F02762E058C51009EBB59 /* Release */ = {
			isa = XCBuildConfiguration;
			buildSettings = {
				BUILD_LIBRARY_FOR_DISTRIBUTION = YES;
				CODE_SIGN_STYLE = Automatic;
				COMBINE_HIDPI_IMAGES = YES;
				CURRENT_PROJECT_VERSION = 1;
				DEVELOPMENT_TEAM = 43UMKXZ8P4;
				DYLIB_COMPATIBILITY_VERSION = 1;
				DYLIB_CURRENT_VERSION = 1;
				DYLIB_INSTALL_NAME_BASE = "@rpath";
				ENABLE_MODULE_VERIFIER = YES;
				GENERATE_INFOPLIST_FILE = YES;
				INFOPLIST_KEY_NSHumanReadableCopyright = "";
				INSTALL_PATH = "$(LOCAL_LIBRARY_DIR)/Frameworks";
				LD_RUNPATH_SEARCH_PATHS = (
					"$(inherited)",
					"@executable_path/../Frameworks",
					"@loader_path/Frameworks",
				);
				MARKETING_VERSION = 1.0;
				MODULE_VERIFIER_SUPPORTED_LANGUAGES = "objective-c objective-c++";
				MODULE_VERIFIER_SUPPORTED_LANGUAGE_STANDARDS = "gnu17 gnu++20";
				PRODUCT_BUNDLE_IDENTIFIER = com.antimatterstudios.DiskJockey.DiskJockeyLibrary;
				PRODUCT_NAME = "$(TARGET_NAME:c99extidentifier)";
				SKIP_INSTALL = YES;
				SWIFT_EMIT_LOC_STRINGS = YES;
				SWIFT_INSTALL_MODULE = YES;
				SWIFT_INSTALL_OBJC_HEADER = NO;
				SWIFT_VERSION = 5.0;
				VERSIONING_SYSTEM = "apple-generic";
				VERSION_INFO_PREFIX = "";
			};
			name = Release;
		};
		501F02792E058C51009EBB59 /* Debug */ = {
			isa = XCBuildConfiguration;
			buildSettings = {
				CODE_SIGN_STYLE = Automatic;
				CURRENT_PROJECT_VERSION = 1;
				DEVELOPMENT_TEAM = 43UMKXZ8P4;
				GENERATE_INFOPLIST_FILE = YES;
				MARKETING_VERSION = 1.0;
				PRODUCT_BUNDLE_IDENTIFIER = com.antimatterstudios.DiskJockey.DiskJockeyLibraryTests;
				PRODUCT_NAME = "$(TARGET_NAME)";
				SWIFT_EMIT_LOC_STRINGS = NO;
				SWIFT_VERSION = 5.0;
				TEST_HOST = "$(BUILT_PRODUCTS_DIR)/DiskJockey.app/$(BUNDLE_EXECUTABLE_FOLDER_PATH)/DiskJockey";
			};
			name = Debug;
		};
		501F027A2E058C51009EBB59 /* Release */ = {
			isa = XCBuildConfiguration;
			buildSettings = {
				CODE_SIGN_STYLE = Automatic;
				CURRENT_PROJECT_VERSION = 1;
				DEVELOPMENT_TEAM = 43UMKXZ8P4;
				GENERATE_INFOPLIST_FILE = YES;
				MARKETING_VERSION = 1.0;
				PRODUCT_BUNDLE_IDENTIFIER = com.antimatterstudios.DiskJockey.DiskJockeyLibraryTests;
				PRODUCT_NAME = "$(TARGET_NAME)";
				SWIFT_EMIT_LOC_STRINGS = NO;
				SWIFT_VERSION = 5.0;
				TEST_HOST = "$(BUILT_PRODUCTS_DIR)/DiskJockey.app/$(BUNDLE_EXECUTABLE_FOLDER_PATH)/DiskJockey";
			};
			name = Release;
		};
		50A51FB22E05892400AC6D10 /* Debug */ = {
			isa = XCBuildConfiguration;
			buildSettings = {
				ALWAYS_SEARCH_USER_PATHS = NO;
				ASSETCATALOG_COMPILER_GENERATE_SWIFT_ASSET_SYMBOL_EXTENSIONS = YES;
				CLANG_ANALYZER_NONNULL = YES;
				CLANG_ANALYZER_NUMBER_OBJECT_CONVERSION = YES_AGGRESSIVE;
				CLANG_CXX_LANGUAGE_STANDARD = "gnu++20";
				CLANG_ENABLE_MODULES = YES;
				CLANG_ENABLE_OBJC_ARC = YES;
				CLANG_ENABLE_OBJC_WEAK = YES;
				CLANG_WARN_BLOCK_CAPTURE_AUTORELEASING = YES;
				CLANG_WARN_BOOL_CONVERSION = YES;
				CLANG_WARN_COMMA = YES;
				CLANG_WARN_CONSTANT_CONVERSION = YES;
				CLANG_WARN_DEPRECATED_OBJC_IMPLEMENTATIONS = YES;
				CLANG_WARN_DIRECT_OBJC_ISA_USAGE = YES_ERROR;
				CLANG_WARN_DOCUMENTATION_COMMENTS = YES;
				CLANG_WARN_EMPTY_BODY = YES;
				CLANG_WARN_ENUM_CONVERSION = YES;
				CLANG_WARN_INFINITE_RECURSION = YES;
				CLANG_WARN_INT_CONVERSION = YES;
				CLANG_WARN_NON_LITERAL_NULL_CONVERSION = YES;
				CLANG_WARN_OBJC_IMPLICIT_RETAIN_SELF = YES;
				CLANG_WARN_OBJC_LITERAL_CONVERSION = YES;
				CLANG_WARN_OBJC_ROOT_CLASS = YES_ERROR;
				CLANG_WARN_QUOTED_INCLUDE_IN_FRAMEWORK_HEADER = YES;
				CLANG_WARN_RANGE_LOOP_ANALYSIS = YES;
				CLANG_WARN_STRICT_PROTOTYPES = YES;
				CLANG_WARN_SUSPICIOUS_MOVE = YES;
				CLANG_WARN_UNGUARDED_AVAILABILITY = YES_AGGRESSIVE;
				CLANG_WARN_UNREACHABLE_CODE = YES;
				CLANG_WARN__DUPLICATE_METHOD_MATCH = YES;
				COPY_PHASE_STRIP = NO;
				DEBUG_INFORMATION_FORMAT = dwarf;
				DEVELOPMENT_TEAM = 43UMKXZ8P4;
				ENABLE_STRICT_OBJC_MSGSEND = YES;
				ENABLE_TESTABILITY = YES;
				ENABLE_USER_SCRIPT_SANDBOXING = YES;
				GCC_C_LANGUAGE_STANDARD = gnu17;
				GCC_DYNAMIC_NO_PIC = NO;
				GCC_NO_COMMON_BLOCKS = YES;
				GCC_OPTIMIZATION_LEVEL = 0;
				GCC_PREPROCESSOR_DEFINITIONS = (
					"DEBUG=1",
					"$(inherited)",
				);
				GCC_WARN_64_TO_32_BIT_CONVERSION = YES;
				GCC_WARN_ABOUT_RETURN_TYPE = YES_ERROR;
				GCC_WARN_UNDECLARED_SELECTOR = YES;
				GCC_WARN_UNINITIALIZED_AUTOS = YES_AGGRESSIVE;
				GCC_WARN_UNUSED_FUNCTION = YES;
				GCC_WARN_UNUSED_VARIABLE = YES;
				LOCALIZATION_PREFERS_STRING_CATALOGS = YES;
				MACOSX_DEPLOYMENT_TARGET = 15.5;
				MTL_ENABLE_DEBUG_INFO = INCLUDE_SOURCE;
				MTL_FAST_MATH = YES;
				ONLY_ACTIVE_ARCH = YES;
				SDKROOT = macosx;
				SWIFT_ACTIVE_COMPILATION_CONDITIONS = "DEBUG $(inherited)";
				SWIFT_EMIT_LOC_STRINGS = YES;
				SWIFT_OPTIMIZATION_LEVEL = "-Onone";
			};
			name = Debug;
		};
		50A51FB32E05892400AC6D10 /* Release */ = {
			isa = XCBuildConfiguration;
			buildSettings = {
				ALWAYS_SEARCH_USER_PATHS = NO;
				ASSETCATALOG_COMPILER_GENERATE_SWIFT_ASSET_SYMBOL_EXTENSIONS = YES;
				CLANG_ANALYZER_NONNULL = YES;
				CLANG_ANALYZER_NUMBER_OBJECT_CONVERSION = YES_AGGRESSIVE;
				CLANG_CXX_LANGUAGE_STANDARD = "gnu++20";
				CLANG_ENABLE_MODULES = YES;
				CLANG_ENABLE_OBJC_ARC = YES;
				CLANG_ENABLE_OBJC_WEAK = YES;
				CLANG_WARN_BLOCK_CAPTURE_AUTORELEASING = YES;
				CLANG_WARN_BOOL_CONVERSION = YES;
				CLANG_WARN_COMMA = YES;
				CLANG_WARN_CONSTANT_CONVERSION = YES;
				CLANG_WARN_DEPRECATED_OBJC_IMPLEMENTATIONS = YES;
				CLANG_WARN_DIRECT_OBJC_ISA_USAGE = YES_ERROR;
				CLANG_WARN_DOCUMENTATION_COMMENTS = YES;
				CLANG_WARN_EMPTY_BODY = YES;
				CLANG_WARN_ENUM_CONVERSION = YES;
				CLANG_WARN_INFINITE_RECURSION = YES;
				CLANG_WARN_INT_CONVERSION = YES;
				CLANG_WARN_NON_LITERAL_NULL_CONVERSION = YES;
				CLANG_WARN_OBJC_IMPLICIT_RETAIN_SELF = YES;
				CLANG_WARN_OBJC_LITERAL_CONVERSION = YES;
				CLANG_WARN_OBJC_ROOT_CLASS = YES_ERROR;
				CLANG_WARN_QUOTED_INCLUDE_IN_FRAMEWORK_HEADER = YES;
				CLANG_WARN_RANGE_LOOP_ANALYSIS = YES;
				CLANG_WARN_STRICT_PROTOTYPES = YES;
				CLANG_WARN_SUSPICIOUS_MOVE = YES;
				CLANG_WARN_UNGUARDED_AVAILABILITY = YES_AGGRESSIVE;
				CLANG_WARN_UNREACHABLE_CODE = YES;
				CLANG_WARN__DUPLICATE_METHOD_MATCH = YES;
				COPY_PHASE_STRIP = NO;
				DEBUG_INFORMATION_FORMAT = "dwarf-with-dsym";
				DEVELOPMENT_TEAM = 43UMKXZ8P4;
				ENABLE_NS_ASSERTIONS = NO;
				ENABLE_STRICT_OBJC_MSGSEND = YES;
				ENABLE_USER_SCRIPT_SANDBOXING = YES;
				GCC_C_LANGUAGE_STANDARD = gnu17;
				GCC_NO_COMMON_BLOCKS = YES;
				GCC_WARN_64_TO_32_BIT_CONVERSION = YES;
				GCC_WARN_ABOUT_RETURN_TYPE = YES_ERROR;
				GCC_WARN_UNDECLARED_SELECTOR = YES;
				GCC_WARN_UNINITIALIZED_AUTOS = YES_AGGRESSIVE;
				GCC_WARN_UNUSED_FUNCTION = YES;
				GCC_WARN_UNUSED_VARIABLE = YES;
				LOCALIZATION_PREFERS_STRING_CATALOGS = YES;
				MACOSX_DEPLOYMENT_TARGET = 15.5;
				MTL_ENABLE_DEBUG_INFO = NO;
				MTL_FAST_MATH = YES;
				SDKROOT = macosx;
				SWIFT_COMPILATION_MODE = wholemodule;
				SWIFT_EMIT_LOC_STRINGS = YES;
			};
			name = Release;
		};
		50A51FB52E05892400AC6D10 /* Debug */ = {
			isa = XCBuildConfiguration;
			buildSettings = {
				ASSETCATALOG_COMPILER_APPICON_NAME = AppIcon;
				ASSETCATALOG_COMPILER_GLOBAL_ACCENT_COLOR_NAME = AccentColor;
				CODE_SIGN_ENTITLEMENTS = DiskJockeyApplication/DiskJockeyApplication.entitlements;
				CODE_SIGN_IDENTITY = "Apple Development";
				CODE_SIGN_STYLE = Automatic;
				COMBINE_HIDPI_IMAGES = YES;
				CURRENT_PROJECT_VERSION = 1;
				DEVELOPMENT_TEAM = 43UMKXZ8P4;
				ENABLE_HARDENED_RUNTIME = YES;
				ENABLE_PREVIEWS = YES;
				GENERATE_INFOPLIST_FILE = YES;
				INFOPLIST_KEY_CFBundleDisplayName = "Disk Jockey";
				INFOPLIST_KEY_LSApplicationCategoryType = "public.app-category.utilities";
				INFOPLIST_KEY_NSHumanReadableCopyright = "";
				LD_RUNPATH_SEARCH_PATHS = (
					"$(inherited)",
					"@executable_path/../Frameworks",
				);
				MARKETING_VERSION = 1.0;
				PRODUCT_BUNDLE_IDENTIFIER = com.antimatterstudios.diskjockey;
				PRODUCT_NAME = "$(TARGET_NAME)";
				PROVISIONING_PROFILE_SPECIFIER = "";
				REGISTER_APP_GROUPS = YES;
				SWIFT_EMIT_LOC_STRINGS = YES;
				SWIFT_VERSION = 5.0;
			};
			name = Debug;
		};
		50A51FB62E05892400AC6D10 /* Release */ = {
			isa = XCBuildConfiguration;
			buildSettings = {
				ASSETCATALOG_COMPILER_APPICON_NAME = AppIcon;
				ASSETCATALOG_COMPILER_GLOBAL_ACCENT_COLOR_NAME = AccentColor;
				CODE_SIGN_ENTITLEMENTS = DiskJockeyApplication/DiskJockeyApplication.entitlements;
				CODE_SIGN_IDENTITY = "Apple Development";
				CODE_SIGN_STYLE = Automatic;
				COMBINE_HIDPI_IMAGES = YES;
				CURRENT_PROJECT_VERSION = 1;
				DEVELOPMENT_TEAM = 43UMKXZ8P4;
				ENABLE_HARDENED_RUNTIME = YES;
				ENABLE_PREVIEWS = YES;
				GENERATE_INFOPLIST_FILE = YES;
				INFOPLIST_KEY_CFBundleDisplayName = "Disk Jockey";
				INFOPLIST_KEY_LSApplicationCategoryType = "public.app-category.utilities";
				INFOPLIST_KEY_NSHumanReadableCopyright = "";
				LD_RUNPATH_SEARCH_PATHS = (
					"$(inherited)",
					"@executable_path/../Frameworks",
				);
				MARKETING_VERSION = 1.0;
				PRODUCT_BUNDLE_IDENTIFIER = com.antimatterstudios.diskjockey;
				PRODUCT_NAME = "$(TARGET_NAME)";
				PROVISIONING_PROFILE_SPECIFIER = "";
				REGISTER_APP_GROUPS = YES;
				SWIFT_EMIT_LOC_STRINGS = YES;
				SWIFT_VERSION = 5.0;
			};
			name = Release;
		};
		50A51FB82E05892400AC6D10 /* Debug */ = {
			isa = XCBuildConfiguration;
			buildSettings = {
				BUNDLE_LOADER = "$(TEST_HOST)";
				CODE_SIGN_STYLE = Automatic;
				CURRENT_PROJECT_VERSION = 1;
				DEVELOPMENT_TEAM = 43UMKXZ8P4;
				GENERATE_INFOPLIST_FILE = YES;
				MACOSX_DEPLOYMENT_TARGET = 15.5;
				MARKETING_VERSION = 1.0;
				PRODUCT_BUNDLE_IDENTIFIER = com.antimatterstudios.DiskJockeyTests;
				PRODUCT_NAME = "$(TARGET_NAME)";
				SWIFT_EMIT_LOC_STRINGS = NO;
				SWIFT_VERSION = 5.0;
				TEST_HOST = "$(BUILT_PRODUCTS_DIR)/DiskJockey.app/$(BUNDLE_EXECUTABLE_FOLDER_PATH)/DiskJockey";
			};
			name = Debug;
		};
		50A51FB92E05892400AC6D10 /* Release */ = {
			isa = XCBuildConfiguration;
			buildSettings = {
				BUNDLE_LOADER = "$(TEST_HOST)";
				CODE_SIGN_STYLE = Automatic;
				CURRENT_PROJECT_VERSION = 1;
				DEVELOPMENT_TEAM = 43UMKXZ8P4;
				GENERATE_INFOPLIST_FILE = YES;
				MACOSX_DEPLOYMENT_TARGET = 15.5;
				MARKETING_VERSION = 1.0;
				PRODUCT_BUNDLE_IDENTIFIER = com.antimatterstudios.DiskJockeyTests;
				PRODUCT_NAME = "$(TARGET_NAME)";
				SWIFT_EMIT_LOC_STRINGS = NO;
				SWIFT_VERSION = 5.0;
				TEST_HOST = "$(BUILT_PRODUCTS_DIR)/DiskJockey.app/$(BUNDLE_EXECUTABLE_FOLDER_PATH)/DiskJockey";
			};
			name = Release;
		};
		50A51FBB2E05892400AC6D10 /* Debug */ = {
			isa = XCBuildConfiguration;
			buildSettings = {
				CODE_SIGN_STYLE = Automatic;
				CURRENT_PROJECT_VERSION = 1;
				DEVELOPMENT_TEAM = 43UMKXZ8P4;
				GENERATE_INFOPLIST_FILE = YES;
				MARKETING_VERSION = 1.0;
				PRODUCT_BUNDLE_IDENTIFIER = com.antimatterstudios.DiskJockeyUITests;
				PRODUCT_NAME = "$(TARGET_NAME)";
				SWIFT_EMIT_LOC_STRINGS = NO;
				SWIFT_VERSION = 5.0;
				TEST_TARGET_NAME = DiskJockey;
			};
			name = Debug;
		};
		50A51FBC2E05892400AC6D10 /* Release */ = {
			isa = XCBuildConfiguration;
			buildSettings = {
				CODE_SIGN_STYLE = Automatic;
				CURRENT_PROJECT_VERSION = 1;
				DEVELOPMENT_TEAM = 43UMKXZ8P4;
				GENERATE_INFOPLIST_FILE = YES;
				MARKETING_VERSION = 1.0;
				PRODUCT_BUNDLE_IDENTIFIER = com.antimatterstudios.DiskJockeyUITests;
				PRODUCT_NAME = "$(TARGET_NAME)";
				SWIFT_EMIT_LOC_STRINGS = NO;
				SWIFT_VERSION = 5.0;
				TEST_TARGET_NAME = DiskJockey;
			};
			name = Release;
		};
/* End XCBuildConfiguration section */

/* Begin XCConfigurationList section */
		501F02542E058BAF009EBB59 /* Build configuration list for PBXNativeTarget "DiskJockeyFileProvider" */ = {
			isa = XCConfigurationList;
			buildConfigurations = (
				501F02552E058BAF009EBB59 /* Debug */,
				501F02562E058BAF009EBB59 /* Release */,
			);
			defaultConfigurationIsVisible = 0;
			defaultConfigurationName = Release;
		};
		501F02742E058C51009EBB59 /* Build configuration list for PBXNativeTarget "DiskJockeyLibrary" */ = {
			isa = XCConfigurationList;
			buildConfigurations = (
				501F02752E058C51009EBB59 /* Debug */,
				501F02762E058C51009EBB59 /* Release */,
			);
			defaultConfigurationIsVisible = 0;
			defaultConfigurationName = Release;
		};
		501F02782E058C51009EBB59 /* Build configuration list for PBXNativeTarget "DiskJockeyLibraryTests" */ = {
			isa = XCConfigurationList;
			buildConfigurations = (
				501F02792E058C51009EBB59 /* Debug */,
				501F027A2E058C51009EBB59 /* Release */,
			);
			defaultConfigurationIsVisible = 0;
			defaultConfigurationName = Release;
		};
		50A51F8D2E05892200AC6D10 /* Build configuration list for PBXProject "DiskJockey" */ = {
			isa = XCConfigurationList;
			buildConfigurations = (
				50A51FB22E05892400AC6D10 /* Debug */,
				50A51FB32E05892400AC6D10 /* Release */,
			);
			defaultConfigurationIsVisible = 0;
			defaultConfigurationName = Release;
		};
		50A51FB42E05892400AC6D10 /* Build configuration list for PBXNativeTarget "DiskJockey" */ = {
			isa = XCConfigurationList;
			buildConfigurations = (
				50A51FB52E05892400AC6D10 /* Debug */,
				50A51FB62E05892400AC6D10 /* Release */,
			);
			defaultConfigurationIsVisible = 0;
			defaultConfigurationName = Release;
		};
		50A51FB72E05892400AC6D10 /* Build configuration list for PBXNativeTarget "DiskJockeyTests" */ = {
			isa = XCConfigurationList;
			buildConfigurations = (
				50A51FB82E05892400AC6D10 /* Debug */,
				50A51FB92E05892400AC6D10 /* Release */,
			);
			defaultConfigurationIsVisible = 0;
			defaultConfigurationName = Release;
		};
		50A51FBA2E05892400AC6D10 /* Build configuration list for PBXNativeTarget "DiskJockeyUITests" */ = {
			isa = XCConfigurationList;
			buildConfigurations = (
				50A51FBB2E05892400AC6D10 /* Debug */,
				50A51FBC2E05892400AC6D10 /* Release */,
			);
			defaultConfigurationIsVisible = 0;
			defaultConfigurationName = Release;
		};
/* End XCConfigurationList section */

/* Begin XCRemoteSwiftPackageReference section */
		501F02A72E058EED009EBB59 /* XCRemoteSwiftPackageReference "swift-protobuf" */ = {
			isa = XCRemoteSwiftPackageReference;
			repositoryURL = "https://github.com/apple/swift-protobuf.git";
			requirement = {
				kind = upToNextMajorVersion;
				minimumVersion = 1.30.0;
			};
		};
/* End XCRemoteSwiftPackageReference section */

/* Begin XCSwiftPackageProductDependency section */
		501F02A82E058EED009EBB59 /* SwiftProtobuf */ = {
			isa = XCSwiftPackageProductDependency;
			package = 501F02A72E058EED009EBB59 /* XCRemoteSwiftPackageReference "swift-protobuf" */;
			productName = SwiftProtobuf;
		};
/* End XCSwiftPackageProductDependency section */
	};
	rootObject = 50A51F8A2E05892200AC6D10 /* Project object */;
}
